
Microsoft Visual Studio Solution File, Format Version 12.00
# Visual Studio Version 16
VisualStudioVersion = 16.0.31025.218
MinimumVisualStudioVersion = 10.0.40219.1
Project("{2150E333-8FDC-42A3-9474-1A3956D46DE8}") = "BUSINESS", "BUSINESS", "{1FBB5F29-2AE7-4F9C-BCE3-2B85056A6F6E}"
EndProject
Project("{2150E333-8FDC-42A3-9474-1A3956D46DE8}") = "CORE", "CORE", "{6288A9EB-AC1F-487F-89E3-2909BEE1D767}"
EndProject
Project("{2150E333-8FDC-42A3-9474-1A3956D46DE8}") = "DATA", "DATA", "{CB78D235-1E0F-49EA-BED9-711571702BD2}"
EndProject
Project("{2150E333-8FDC-42A3-9474-1A3956D46DE8}") = "UI", "UI", "{7E3C059A-2015-4DF0-B8D5-12B54CB15C41}"
EndProject
Project("{9A19103F-16F7-4668-BE54-9A1E7A4F7556}") = "m4TR1x.Core", "m4TR1x.Core\m4TR1x.Core.csproj", "{52169D2B-6FCA-4D10-8B81-490012E34C6C}"
EndProject
Project("{9A19103F-16F7-4668-BE54-9A1E7A4F7556}") = "m4TR1x.Core.Winforms", "m4TR1x.Core.Winforms\m4TR1x.Core.Winforms.csproj", "{914FFB9D-0E2D-4018-BB99-03A9A2AC9536}"
EndProject
Project("{9A19103F-16F7-4668-BE54-9A1E7A4F7556}") = "m4TR1x.UI.Winforms", "m4TR1x.UI.Winforms\m4TR1x.UI.Winforms.csproj", "{342656B9-6529-472E-A0E4-5011C0758620}"
EndProject
Project("{9A19103F-16F7-4668-BE54-9A1E7A4F7556}") = "m4TR1x.Business", "m4TR1x.Business\m4TR1x.Business.csproj", "{98903C38-D802-4D7F-8869-A6795C1D4FAE}"
EndProject
Project("{9A19103F-16F7-4668-BE54-9A1E7A4F7556}") = "m4TR1x.Business.Winforms", "m4TR1x.Business.Winforms\m4TR1x.Business.Winforms.csproj", "{0B70BECE-0472-4201-9950-11344DAED73D}"
EndProject
Project("{9A19103F-16F7-4668-BE54-9A1E7A4F7556}") = "m4TR1x.Data.Repository", "m4TR1x.Data.Repository\m4TR1x.Data.Repository.csproj", "{8A5F0B63-0543-4739-926C-E324DF219B96}"
EndProject
Project("{2150E333-8FDC-42A3-9474-1A3956D46DE8}") = "API", "API", "{6C8A4793-6AA8-4816-8193-D2418DB2BAD4}"
EndProject
Project("{9A19103F-16F7-4668-BE54-9A1E7A4F7556}") = "m4TR1x.API.WebApi", "m4TR1x.API.WebApi\m4TR1x.API.WebApi.csproj", "{6BD1211F-48C7-49B9-B570-AB37A4269298}"
EndProject
Project("{9A19103F-16F7-4668-BE54-9A1E7A4F7556}") = "m4TR1x.API.Business", "m4TR1x.API.Business\m4TR1x.API.Business.csproj", "{5F056936-4F31-4468-BB02-D81D7B51F847}"
EndProject
Project("{2150E333-8FDC-42A3-9474-1A3956D46DE8}") = "UNITTEST", "UNITTEST", "{41F0831E-46DF-4040-9B79-1CE7BA0C120A}"
EndProject
Project("{9A19103F-16F7-4668-BE54-9A1E7A4F7556}") = "m4TR1x.UI.Winforms.Tests", "m4TR1x.UI.Winforms.Tests\m4TR1x.UI.Winforms.Tests.csproj", "{255EB2E1-DFA6-4F96-8ADB-922F39E82CAD}"
EndProject
Project("{9A19103F-16F7-4668-BE54-9A1E7A4F7556}") = "m4TR1x.Business.Tests", "m4TR1x.Business.Tests\m4TR1x.Business.Tests.csproj", "{F279804A-2F75-4030-A42A-DFB983908B93}"
EndProject
Project("{FAE04EC0-301F-11D3-BF4B-00C04F79EFBC}") = "m4TR1x.Core.Api", "m4TR1x.Core.Api\m4TR1x.Core.Api.csproj", "{4CAF950B-EC89-4628-9753-3967D0B9AB87}"
EndProject
Global
	GlobalSection(SolutionConfigurationPlatforms) = preSolution
		Debug|Any CPU = Debug|Any CPU
		Release|Any CPU = Release|Any CPU
	EndGlobalSection
	GlobalSection(ProjectConfigurationPlatforms) = postSolution
		{52169D2B-6FCA-4D10-8B81-490012E34C6C}.Debug|Any CPU.ActiveCfg = Debug|Any CPU
		{52169D2B-6FCA-4D10-8B81-490012E34C6C}.Debug|Any CPU.Build.0 = Debug|Any CPU
		{52169D2B-6FCA-4D10-8B81-490012E34C6C}.Release|Any CPU.ActiveCfg = Release|Any CPU
		{52169D2B-6FCA-4D10-8B81-490012E34C6C}.Release|Any CPU.Build.0 = Release|Any CPU
		{914FFB9D-0E2D-4018-BB99-03A9A2AC9536}.Debug|Any CPU.ActiveCfg = Debug|Any CPU
		{914FFB9D-0E2D-4018-BB99-03A9A2AC9536}.Debug|Any CPU.Build.0 = Debug|Any CPU
		{914FFB9D-0E2D-4018-BB99-03A9A2AC9536}.Release|Any CPU.ActiveCfg = Release|Any CPU
		{914FFB9D-0E2D-4018-BB99-03A9A2AC9536}.Release|Any CPU.Build.0 = Release|Any CPU
		{342656B9-6529-472E-A0E4-5011C0758620}.Debug|Any CPU.ActiveCfg = Debug|Any CPU
		{342656B9-6529-472E-A0E4-5011C0758620}.Debug|Any CPU.Build.0 = Debug|Any CPU
		{342656B9-6529-472E-A0E4-5011C0758620}.Release|Any CPU.ActiveCfg = Release|Any CPU
		{342656B9-6529-472E-A0E4-5011C0758620}.Release|Any CPU.Build.0 = Release|Any CPU
		{98903C38-D802-4D7F-8869-A6795C1D4FAE}.Debug|Any CPU.ActiveCfg = Debug|Any CPU
		{98903C38-D802-4D7F-8869-A6795C1D4FAE}.Debug|Any CPU.Build.0 = Debug|Any CPU
		{98903C38-D802-4D7F-8869-A6795C1D4FAE}.Release|Any CPU.ActiveCfg = Release|Any CPU
		{98903C38-D802-4D7F-8869-A6795C1D4FAE}.Release|Any CPU.Build.0 = Release|Any CPU
		{0B70BECE-0472-4201-9950-11344DAED73D}.Debug|Any CPU.ActiveCfg = Debug|Any CPU
		{0B70BECE-0472-4201-9950-11344DAED73D}.Debug|Any CPU.Build.0 = Debug|Any CPU
		{0B70BECE-0472-4201-9950-11344DAED73D}.Release|Any CPU.ActiveCfg = Release|Any CPU
		{0B70BECE-0472-4201-9950-11344DAED73D}.Release|Any CPU.Build.0 = Release|Any CPU
		{8A5F0B63-0543-4739-926C-E324DF219B96}.Debug|Any CPU.ActiveCfg = Debug|Any CPU
		{8A5F0B63-0543-4739-926C-E324DF219B96}.Debug|Any CPU.Build.0 = Debug|Any CPU
		{8A5F0B63-0543-4739-926C-E324DF219B96}.Release|Any CPU.ActiveCfg = Release|Any CPU
		{8A5F0B63-0543-4739-926C-E324DF219B96}.Release|Any CPU.Build.0 = Release|Any CPU
		{6BD1211F-48C7-49B9-B570-AB37A4269298}.Debug|Any CPU.ActiveCfg = Debug|Any CPU
		{6BD1211F-48C7-49B9-B570-AB37A4269298}.Debug|Any CPU.Build.0 = Debug|Any CPU
		{6BD1211F-48C7-49B9-B570-AB37A4269298}.Release|Any CPU.ActiveCfg = Release|Any CPU
		{6BD1211F-48C7-49B9-B570-AB37A4269298}.Release|Any CPU.Build.0 = Release|Any CPU
		{5F056936-4F31-4468-BB02-D81D7B51F847}.Debug|Any CPU.ActiveCfg = Debug|Any CPU
		{5F056936-4F31-4468-BB02-D81D7B51F847}.Debug|Any CPU.Build.0 = Debug|Any CPU
		{5F056936-4F31-4468-BB02-D81D7B51F847}.Release|Any CPU.ActiveCfg = Release|Any CPU
		{5F056936-4F31-4468-BB02-D81D7B51F847}.Release|Any CPU.Build.0 = Release|Any CPU
		{255EB2E1-DFA6-4F96-8ADB-922F39E82CAD}.Debug|Any CPU.ActiveCfg = Debug|Any CPU
		{255EB2E1-DFA6-4F96-8ADB-922F39E82CAD}.Debug|Any CPU.Build.0 = Debug|Any CPU
		{255EB2E1-DFA6-4F96-8ADB-922F39E82CAD}.Release|Any CPU.ActiveCfg = Release|Any CPU
		{255EB2E1-DFA6-4F96-8ADB-922F39E82CAD}.Release|Any CPU.Build.0 = Release|Any CPU
		{F279804A-2F75-4030-A42A-DFB983908B93}.Debug|Any CPU.ActiveCfg = Debug|Any CPU
		{F279804A-2F75-4030-A42A-DFB983908B93}.Debug|Any CPU.Build.0 = Debug|Any CPU
		{F279804A-2F75-4030-A42A-DFB983908B93}.Release|Any CPU.ActiveCfg = Release|Any CPU
		{F279804A-2F75-4030-A42A-DFB983908B93}.Release|Any CPU.Build.0 = Release|Any CPU
		{4CAF950B-EC89-4628-9753-3967D0B9AB87}.Debug|Any CPU.ActiveCfg = Debug|Any CPU
		{4CAF950B-EC89-4628-9753-3967D0B9AB87}.Debug|Any CPU.Build.0 = Debug|Any CPU
		{4CAF950B-EC89-4628-9753-3967D0B9AB87}.Release|Any CPU.ActiveCfg = Release|Any CPU
		{4CAF950B-EC89-4628-9753-3967D0B9AB87}.Release|Any CPU.Build.0 = Release|Any CPU
	EndGlobalSection
	GlobalSection(SolutionProperties) = preSolution
		HideSolutionNode = FALSE
	EndGlobalSection
	GlobalSection(NestedProjects) = preSolution
		{52169D2B-6FCA-4D10-8B81-490012E34C6C} = {6288A9EB-AC1F-487F-89E3-2909BEE1D767}
		{914FFB9D-0E2D-4018-BB99-03A9A2AC9536} = {6288A9EB-AC1F-487F-89E3-2909BEE1D767}
		{342656B9-6529-472E-A0E4-5011C0758620} = {7E3C059A-2015-4DF0-B8D5-12B54CB15C41}
		{98903C38-D802-4D7F-8869-A6795C1D4FAE} = {1FBB5F29-2AE7-4F9C-BCE3-2B85056A6F6E}
		{0B70BECE-0472-4201-9950-11344DAED73D} = {1FBB5F29-2AE7-4F9C-BCE3-2B85056A6F6E}
		{8A5F0B63-0543-4739-926C-E324DF219B96} = {CB78D235-1E0F-49EA-BED9-711571702BD2}
		{6BD1211F-48C7-49B9-B570-AB37A4269298} = {6C8A4793-6AA8-4816-8193-D2418DB2BAD4}
		{5F056936-4F31-4468-BB02-D81D7B51F847} = {1FBB5F29-2AE7-4F9C-BCE3-2B85056A6F6E}
		{255EB2E1-DFA6-4F96-8ADB-922F39E82CAD} = {41F0831E-46DF-4040-9B79-1CE7BA0C120A}
		{F279804A-2F75-4030-A42A-DFB983908B93} = {41F0831E-46DF-4040-9B79-1CE7BA0C120A}
		{4CAF950B-EC89-4628-9753-3967D0B9AB87} = {6288A9EB-AC1F-487F-89E3-2909BEE1D767}
	EndGlobalSection
	GlobalSection(ExtensibilityGlobals) = postSolution
		SolutionGuid = {BEDB5061-4CDA-4E82-AC39-AA5F09053CD0}
	EndGlobalSection
EndGlobal
